
Microsoft Visual Studio Solution File, Format Version 12.00
# Visual Studio 2013
VisualStudioVersion = 12.0.31101.0
MinimumVisualStudioVersion = 10.0.40219.1
Project("{FAE04EC0-301F-11D3-BF4B-00C04F79EFBC}") = "CanterburyTimetable", "UniTimetable\CanterburyTimetable.csproj", "{0D48FEC0-D3CD-4551-8C83-EB2F0B9B8D94}"
EndProject
Project("{2150E333-8FDC-42A3-9474-1A3956D46DE8}") = "Solution Items", "Solution Items", "{0BF8E3B5-1ECD-442A-BE71-5DA0D6653B44}"
	ProjectSection(SolutionItems) = preProject
		Example.jpg = Example.jpg
		LICENSE = LICENSE
		README.md = README.md
	EndProjectSection
EndProject
Global
	GlobalSection(SolutionConfigurationPlatforms) = preSolution
		Debug|Any CPU = Debug|Any CPU
		Release|Any CPU = Release|Any CPU
	EndGlobalSection
	GlobalSection(ProjectConfigurationPlatforms) = postSolution
		{0D48FEC0-D3CD-4551-8C83-EB2F0B9B8D94}.Debug|Any CPU.ActiveCfg = Debug|Any CPU
		{0D48FEC0-D3CD-4551-8C83-EB2F0B9B8D94}.Debug|Any CPU.Build.0 = Debug|Any CPU
		{0D48FEC0-D3CD-4551-8C83-EB2F0B9B8D94}.Release|Any CPU.ActiveCfg = Release|Any CPU
		{0D48FEC0-D3CD-4551-8C83-EB2F0B9B8D94}.Release|Any CPU.Build.0 = Release|Any CPU
	EndGlobalSection
	GlobalSection(SolutionProperties) = preSolution
		HideSolutionNode = FALSE
	EndGlobalSection
	GlobalSection(ExtensibilityGlobals) = postSolution
		BuildVersion_BuildVersioningStyle = None.None.Increment.DeltaBaseYearDayOfYear
	EndGlobalSection
EndGlobal
